// !$*UTF8*$!
{
	archiveVersion = 1;
	classes = {
	};
	objectVersion = 46;
	objects = {

/* Begin PBXBuildFile section */
		0E836C9A19532D7200605460 /* Foundation.framework in Frameworks */ = {isa = PBXBuildFile; fileRef = 0E836C9919532D7200605460 /* Foundation.framework */; };
		0E836C9C19532D7200605460 /* CoreGraphics.framework in Frameworks */ = {isa = PBXBuildFile; fileRef = 0E836C9B19532D7200605460 /* CoreGraphics.framework */; };
		0E836C9E19532D7200605460 /* UIKit.framework in Frameworks */ = {isa = PBXBuildFile; fileRef = 0E836C9D19532D7200605460 /* UIKit.framework */; };
		0E836CA419532D7200605460 /* InfoPlist.strings in Resources */ = {isa = PBXBuildFile; fileRef = 0E836CA219532D7200605460 /* InfoPlist.strings */; };
		0E836CA619532D7200605460 /* main.m in Sources */ = {isa = PBXBuildFile; fileRef = 0E836CA519532D7200605460 /* main.m */; };
		0E836CAA19532D7200605460 /* trial_fiveAppDelegate.m in Sources */ = {isa = PBXBuildFile; fileRef = 0E836CA919532D7200605460 /* trial_fiveAppDelegate.m */; };
		0E836CAD19532D7200605460 /* Main.storyboard in Resources */ = {isa = PBXBuildFile; fileRef = 0E836CAB19532D7200605460 /* Main.storyboard */; };
		0E836CB019532D7200605460 /* trial_fiveViewController.m in Sources */ = {isa = PBXBuildFile; fileRef = 0E836CAF19532D7200605460 /* trial_fiveViewController.m */; };
		0E836CB219532D7200605460 /* Images.xcassets in Resources */ = {isa = PBXBuildFile; fileRef = 0E836CB119532D7200605460 /* Images.xcassets */; };
		0E836CB919532D7300605460 /* XCTest.framework in Frameworks */ = {isa = PBXBuildFile; fileRef = 0E836CB819532D7300605460 /* XCTest.framework */; };
		0E836CBA19532D7300605460 /* Foundation.framework in Frameworks */ = {isa = PBXBuildFile; fileRef = 0E836C9919532D7200605460 /* Foundation.framework */; };
		0E836CBB19532D7300605460 /* UIKit.framework in Frameworks */ = {isa = PBXBuildFile; fileRef = 0E836C9D19532D7200605460 /* UIKit.framework */; };
		0E836CC319532D7300605460 /* InfoPlist.strings in Resources */ = {isa = PBXBuildFile; fileRef = 0E836CC119532D7300605460 /* InfoPlist.strings */; };
		0E836CC519532D7300605460 /* trial_fiveTests.m in Sources */ = {isa = PBXBuildFile; fileRef = 0E836CC419532D7300605460 /* trial_fiveTests.m */; };
/* End PBXBuildFile section */

/* Begin PBXContainerItemProxy section */
		0E836CBC19532D7300605460 /* PBXContainerItemProxy */ = {
			isa = PBXContainerItemProxy;
			containerPortal = 0E836C8E19532D7200605460 /* Project object */;
			proxyType = 1;
			remoteGlobalIDString = 0E836C9519532D7200605460;
			remoteInfo = trial_five;
		};
/* End PBXContainerItemProxy section */

/* Begin PBXFileReference section */
		0E836C9619532D7200605460 /* trial_five.app */ = {isa = PBXFileReference; explicitFileType = wrapper.application; includeInIndex = 0; path = trial_five.app; sourceTree = BUILT_PRODUCTS_DIR; };
		0E836C9919532D7200605460 /* Foundation.framework */ = {isa = PBXFileReference; lastKnownFileType = wrapper.framework; name = Foundation.framework; path = System/Library/Frameworks/Foundation.framework; sourceTree = SDKROOT; };
		0E836C9B19532D7200605460 /* CoreGraphics.framework */ = {isa = PBXFileReference; lastKnownFileType = wrapper.framework; name = CoreGraphics.framework; path = System/Library/Frameworks/CoreGraphics.framework; sourceTree = SDKROOT; };
		0E836C9D19532D7200605460 /* UIKit.framework */ = {isa = PBXFileReference; lastKnownFileType = wrapper.framework; name = UIKit.framework; path = System/Library/Frameworks/UIKit.framework; sourceTree = SDKROOT; };
		0E836CA119532D7200605460 /* trial_five-Info.plist */ = {isa = PBXFileReference; lastKnownFileType = text.plist.xml; path = "trial_five-Info.plist"; sourceTree = "<group>"; };
		0E836CA319532D7200605460 /* en */ = {isa = PBXFileReference; lastKnownFileType = text.plist.strings; name = en; path = en.lproj/InfoPlist.strings; sourceTree = "<group>"; };
		0E836CA519532D7200605460 /* main.m */ = {isa = PBXFileReference; lastKnownFileType = sourcecode.c.objc; path = main.m; sourceTree = "<group>"; };
		0E836CA719532D7200605460 /* trial_five-Prefix.pch */ = {isa = PBXFileReference; lastKnownFileType = sourcecode.c.h; path = "trial_five-Prefix.pch"; sourceTree = "<group>"; };
		0E836CA819532D7200605460 /* trial_fiveAppDelegate.h */ = {isa = PBXFileReference; lastKnownFileType = sourcecode.c.h; path = trial_fiveAppDelegate.h; sourceTree = "<group>"; };
		0E836CA919532D7200605460 /* trial_fiveAppDelegate.m */ = {isa = PBXFileReference; lastKnownFileType = sourcecode.c.objc; path = trial_fiveAppDelegate.m; sourceTree = "<group>"; };
		0E836CAC19532D7200605460 /* Base */ = {isa = PBXFileReference; lastKnownFileType = file.storyboard; name = Base; path = Base.lproj/Main.storyboard; sourceTree = "<group>"; };
		0E836CAE19532D7200605460 /* trial_fiveViewController.h */ = {isa = PBXFileReference; lastKnownFileType = sourcecode.c.h; path = trial_fiveViewController.h; sourceTree = "<group>"; };
		0E836CAF19532D7200605460 /* trial_fiveViewController.m */ = {isa = PBXFileReference; lastKnownFileType = sourcecode.c.objc; path = trial_fiveViewController.m; sourceTree = "<group>"; };
		0E836CB119532D7200605460 /* Images.xcassets */ = {isa = PBXFileReference; lastKnownFileType = folder.assetcatalog; path = Images.xcassets; sourceTree = "<group>"; };
		0E836CB719532D7300605460 /* trial_fiveTests.xctest */ = {isa = PBXFileReference; explicitFileType = wrapper.cfbundle; includeInIndex = 0; path = trial_fiveTests.xctest; sourceTree = BUILT_PRODUCTS_DIR; };
		0E836CB819532D7300605460 /* XCTest.framework */ = {isa = PBXFileReference; lastKnownFileType = wrapper.framework; name = XCTest.framework; path = Library/Frameworks/XCTest.framework; sourceTree = DEVELOPER_DIR; };
		0E836CC019532D7300605460 /* trial_fiveTests-Info.plist */ = {isa = PBXFileReference; lastKnownFileType = text.plist.xml; path = "trial_fiveTests-Info.plist"; sourceTree = "<group>"; };
		0E836CC219532D7300605460 /* en */ = {isa = PBXFileReference; lastKnownFileType = text.plist.strings; name = en; path = en.lproj/InfoPlist.strings; sourceTree = "<group>"; };
		0E836CC419532D7300605460 /* trial_fiveTests.m */ = {isa = PBXFileReference; lastKnownFileType = sourcecode.c.objc; path = trial_fiveTests.m; sourceTree = "<group>"; };
/* End PBXFileReference section */

/* Begin PBXFrameworksBuildPhase section */
		0E836C9319532D7200605460 /* Frameworks */ = {
			isa = PBXFrameworksBuildPhase;
			buildActionMask = 2147483647;
			files = (
				0E836C9C19532D7200605460 /* CoreGraphics.framework in Frameworks */,
				0E836C9E19532D7200605460 /* UIKit.framework in Frameworks */,
				0E836C9A19532D7200605460 /* Foundation.framework in Frameworks */,
			);
			runOnlyForDeploymentPostprocessing = 0;
		};
		0E836CB419532D7300605460 /* Frameworks */ = {
			isa = PBXFrameworksBuildPhase;
			buildActionMask = 2147483647;
			files = (
				0E836CB919532D7300605460 /* XCTest.framework in Frameworks */,
				0E836CBB19532D7300605460 /* UIKit.framework in Frameworks */,
				0E836CBA19532D7300605460 /* Foundation.framework in Frameworks */,
			);
			runOnlyForDeploymentPostprocessing = 0;
		};
/* End PBXFrameworksBuildPhase section */

/* Begin PBXGroup section */
		0E836C8D19532D7200605460 = {
			isa = PBXGroup;
			children = (
				0E836C9F19532D7200605460 /* trial_five */,
				0E836CBE19532D7300605460 /* trial_fiveTests */,
				0E836C9819532D7200605460 /* Frameworks */,
				0E836C9719532D7200605460 /* Products */,
			);
			sourceTree = "<group>";
		};
		0E836C9719532D7200605460 /* Products */ = {
			isa = PBXGroup;
			children = (
				0E836C9619532D7200605460 /* trial_five.app */,
				0E836CB719532D7300605460 /* trial_fiveTests.xctest */,
			);
			name = Products;
			sourceTree = "<group>";
		};
		0E836C9819532D7200605460 /* Frameworks */ = {
			isa = PBXGroup;
			children = (
				0E836C9919532D7200605460 /* Foundation.framework */,
				0E836C9B19532D7200605460 /* CoreGraphics.framework */,
				0E836C9D19532D7200605460 /* UIKit.framework */,
				0E836CB819532D7300605460 /* XCTest.framework */,
			);
			name = Frameworks;
			sourceTree = "<group>";
		};
		0E836C9F19532D7200605460 /* trial_five */ = {
			isa = PBXGroup;
			children = (
				0E836CA819532D7200605460 /* trial_fiveAppDelegate.h */,
				0E836CA919532D7200605460 /* trial_fiveAppDelegate.m */,
				0E836CAB19532D7200605460 /* Main.storyboard */,
				0E836CAE19532D7200605460 /* trial_fiveViewController.h */,
				0E836CAF19532D7200605460 /* trial_fiveViewController.m */,
				0E836CB119532D7200605460 /* Images.xcassets */,
				0E836CA019532D7200605460 /* Supporting Files */,
			);
			path = trial_five;
			sourceTree = "<group>";
		};
		0E836CA019532D7200605460 /* Supporting Files */ = {
			isa = PBXGroup;
			children = (
				0E836CA119532D7200605460 /* trial_five-Info.plist */,
				0E836CA219532D7200605460 /* InfoPlist.strings */,
				0E836CA519532D7200605460 /* main.m */,
				0E836CA719532D7200605460 /* trial_five-Prefix.pch */,
			);
			name = "Supporting Files";
			sourceTree = "<group>";
		};
		0E836CBE19532D7300605460 /* trial_fiveTests */ = {
			isa = PBXGroup;
			children = (
				0E836CC419532D7300605460 /* trial_fiveTests.m */,
				0E836CBF19532D7300605460 /* Supporting Files */,
			);
			path = trial_fiveTests;
			sourceTree = "<group>";
		};
		0E836CBF19532D7300605460 /* Supporting Files */ = {
			isa = PBXGroup;
			children = (
				0E836CC019532D7300605460 /* trial_fiveTests-Info.plist */,
				0E836CC119532D7300605460 /* InfoPlist.strings */,
			);
			name = "Supporting Files";
			sourceTree = "<group>";
		};
/* End PBXGroup section */

/* Begin PBXNativeTarget section */
		0E836C9519532D7200605460 /* trial_five */ = {
			isa = PBXNativeTarget;
			buildConfigurationList = 0E836CC819532D7300605460 /* Build configuration list for PBXNativeTarget "trial_five" */;
			buildPhases = (
				0E836C9219532D7200605460 /* Sources */,
				0E836C9319532D7200605460 /* Frameworks */,
				0E836C9419532D7200605460 /* Resources */,
			);
			buildRules = (
			);
			dependencies = (
			);
			name = trial_five;
			productName = trial_five;
			productReference = 0E836C9619532D7200605460 /* trial_five.app */;
			productType = "com.apple.product-type.application";
		};
		0E836CB619532D7300605460 /* trial_fiveTests */ = {
			isa = PBXNativeTarget;
			buildConfigurationList = 0E836CCB19532D7300605460 /* Build configuration list for PBXNativeTarget "trial_fiveTests" */;
			buildPhases = (
				0E836CB319532D7300605460 /* Sources */,
				0E836CB419532D7300605460 /* Frameworks */,
				0E836CB519532D7300605460 /* Resources */,
			);
			buildRules = (
			);
			dependencies = (
				0E836CBD19532D7300605460 /* PBXTargetDependency */,
			);
			name = trial_fiveTests;
			productName = trial_fiveTests;
			productReference = 0E836CB719532D7300605460 /* trial_fiveTests.xctest */;
			productType = "com.apple.product-type.bundle.unit-test";
		};
/* End PBXNativeTarget section */

/* Begin PBXProject section */
		0E836C8E19532D7200605460 /* Project object */ = {
			isa = PBXProject;
			attributes = {
				CLASSPREFIX = trial_five;
				LastUpgradeCheck = 0510;
				ORGANIZATIONNAME = "___FULLUSERNAME___";
				TargetAttributes = {
					0E836CB619532D7300605460 = {
						TestTargetID = 0E836C9519532D7200605460;
					};
				};
			};
			buildConfigurationList = 0E836C9119532D7200605460 /* Build configuration list for PBXProject "trial_five" */;
			compatibilityVersion = "Xcode 3.2";
			developmentRegion = English;
			hasScannedForEncodings = 0;
			knownRegions = (
				en,
				Base,
			);
			mainGroup = 0E836C8D19532D7200605460;
			productRefGroup = 0E836C9719532D7200605460 /* Products */;
			projectDirPath = "";
			projectRoot = "";
			targets = (
				0E836C9519532D7200605460 /* trial_five */,
				0E836CB619532D7300605460 /* trial_fiveTests */,
			);
		};
/* End PBXProject section */

/* Begin PBXResourcesBuildPhase section */
		0E836C9419532D7200605460 /* Resources */ = {
			isa = PBXResourcesBuildPhase;
			buildActionMask = 2147483647;
			files = (
				0E836CB219532D7200605460 /* Images.xcassets in Resources */,
				0E836CA419532D7200605460 /* InfoPlist.strings in Resources */,
				0E836CAD19532D7200605460 /* Main.storyboard in Resources */,
			);
			runOnlyForDeploymentPostprocessing = 0;
		};
		0E836CB519532D7300605460 /* Resources */ = {
			isa = PBXResourcesBuildPhase;
			buildActionMask = 2147483647;
			files = (
				0E836CC319532D7300605460 /* InfoPlist.strings in Resources */,
			);
			runOnlyForDeploymentPostprocessing = 0;
		};
/* End PBXResourcesBuildPhase section */

/* Begin PBXSourcesBuildPhase section */
		0E836C9219532D7200605460 /* Sources */ = {
			isa = PBXSourcesBuildPhase;
			buildActionMask = 2147483647;
			files = (
				0E836CA619532D7200605460 /* main.m in Sources */,
				0E836CB019532D7200605460 /* trial_fiveViewController.m in Sources */,
				0E836CAA19532D7200605460 /* trial_fiveAppDelegate.m in Sources */,
			);
			runOnlyForDeploymentPostprocessing = 0;
		};
		0E836CB319532D7300605460 /* Sources */ = {
			isa = PBXSourcesBuildPhase;
			buildActionMask = 2147483647;
			files = (
				0E836CC519532D7300605460 /* trial_fiveTests.m in Sources */,
			);
			runOnlyForDeploymentPostprocessing = 0;
		};
/* End PBXSourcesBuildPhase section */

/* Begin PBXTargetDependency section */
		0E836CBD19532D7300605460 /* PBXTargetDependency */ = {
			isa = PBXTargetDependency;
			target = 0E836C9519532D7200605460 /* trial_five */;
			targetProxy = 0E836CBC19532D7300605460 /* PBXContainerItemProxy */;
		};
/* End PBXTargetDependency section */

/* Begin PBXVariantGroup section */
		0E836CA219532D7200605460 /* InfoPlist.strings */ = {
			isa = PBXVariantGroup;
			children = (
				0E836CA319532D7200605460 /* en */,
			);
			name = InfoPlist.strings;
			sourceTree = "<group>";
		};
		0E836CAB19532D7200605460 /* Main.storyboard */ = {
			isa = PBXVariantGroup;
			children = (
				0E836CAC19532D7200605460 /* Base */,
			);
			name = Main.storyboard;
			sourceTree = "<group>";
		};
		0E836CC119532D7300605460 /* InfoPlist.strings */ = {
			isa = PBXVariantGroup;
			children = (
				0E836CC219532D7300605460 /* en */,
			);
			name = InfoPlist.strings;
			sourceTree = "<group>";
		};
/* End PBXVariantGroup section */

/* Begin XCBuildConfiguration section */
		0E836CC619532D7300605460 /* Debug */ = {
			isa = XCBuildConfiguration;
			buildSettings = {
				ALWAYS_SEARCH_USER_PATHS = NO;
				CLANG_CXX_LANGUAGE_STANDARD = "gnu++0x";
				CLANG_CXX_LIBRARY = "libc++";
				CLANG_ENABLE_MODULES = YES;
				CLANG_ENABLE_OBJC_ARC = YES;
				CLANG_WARN_BOOL_CONVERSION = YES;
				CLANG_WARN_CONSTANT_CONVERSION = YES;
				CLANG_WARN_DIRECT_OBJC_ISA_USAGE = YES_ERROR;
				CLANG_WARN_EMPTY_BODY = YES;
				CLANG_WARN_ENUM_CONVERSION = YES;
				CLANG_WARN_INT_CONVERSION = YES;
				CLANG_WARN_OBJC_ROOT_CLASS = YES_ERROR;
				CLANG_WARN__DUPLICATE_METHOD_MATCH = YES;
				"CODE_SIGN_IDENTITY[sdk=iphoneos*]" = "iPhone Developer";
				COPY_PHASE_STRIP = NO;
				GCC_C_LANGUAGE_STANDARD = gnu99;
				GCC_DYNAMIC_NO_PIC = NO;
				GCC_OPTIMIZATION_LEVEL = 0;
				GCC_PREPROCESSOR_DEFINITIONS = (
					"DEBUG=1",
					"$(inherited)",
				);
				GCC_SYMBOLS_PRIVATE_EXTERN = NO;
				GCC_WARN_64_TO_32_BIT_CONVERSION = YES;
				GCC_WARN_ABOUT_RETURN_TYPE = YES_ERROR;
				GCC_WARN_UNDECLARED_SELECTOR = YES;
				GCC_WARN_UNINITIALIZED_AUTOS = YES_AGGRESSIVE;
				GCC_WARN_UNUSED_FUNCTION = YES;
				GCC_WARN_UNUSED_VARIABLE = YES;
				IPHONEOS_DEPLOYMENT_TARGET = 7.1;
				ONLY_ACTIVE_ARCH = YES;
				SDKROOT = iphoneos;
			};
			name = Debug;
		};
		0E836CC719532D7300605460 /* Release */ = {
			isa = XCBuildConfiguration;
			buildSettings = {
				ALWAYS_SEARCH_USER_PATHS = NO;
				CLANG_CXX_LANGUAGE_STANDARD = "gnu++0x";
				CLANG_CXX_LIBRARY = "libc++";
				CLANG_ENABLE_MODULES = YES;
				CLANG_ENABLE_OBJC_ARC = YES;
				CLANG_WARN_BOOL_CONVERSION = YES;
				CLANG_WARN_CONSTANT_CONVERSION = YES;
				CLANG_WARN_DIRECT_OBJC_ISA_USAGE = YES_ERROR;
				CLANG_WARN_EMPTY_BODY = YES;
				CLANG_WARN_ENUM_CONVERSION = YES;
				CLANG_WARN_INT_CONVERSION = YES;
				CLANG_WARN_OBJC_ROOT_CLASS = YES_ERROR;
				CLANG_WARN__DUPLICATE_METHOD_MATCH = YES;
				"CODE_SIGN_IDENTITY[sdk=iphoneos*]" = "iPhone Developer";
				COPY_PHASE_STRIP = YES;
				ENABLE_NS_ASSERTIONS = NO;
				GCC_C_LANGUAGE_STANDARD = gnu99;
				GCC_WARN_64_TO_32_BIT_CONVERSION = YES;
				GCC_WARN_ABOUT_RETURN_TYPE = YES_ERROR;
				GCC_WARN_UNDECLARED_SELECTOR = YES;
				GCC_WARN_UNINITIALIZED_AUTOS = YES_AGGRESSIVE;
				GCC_WARN_UNUSED_FUNCTION = YES;
				GCC_WARN_UNUSED_VARIABLE = YES;
				IPHONEOS_DEPLOYMENT_TARGET = 7.1;
				SDKROOT = iphoneos;
				VALIDATE_PRODUCT = YES;
			};
			name = Release;
		};
		0E836CC919532D7300605460 /* Debug */ = {
			isa = XCBuildConfiguration;
			buildSettings = {
				ASSETCATALOG_COMPILER_APPICON_NAME = AppIcon;
				ASSETCATALOG_COMPILER_LAUNCHIMAGE_NAME = LaunchImage;
				GCC_PRECOMPILE_PREFIX_HEADER = YES;
				GCC_PREFIX_HEADER = "trial_five/trial_five-Prefix.pch";
				INFOPLIST_FILE = "trial_five/trial_five-Info.plist";
				PRODUCT_NAME = "$(TARGET_NAME)";
				WRAPPER_EXTENSION = app;
			};
			name = Debug;
		};
		0E836CCA19532D7300605460 /* Release */ = {
			isa = XCBuildConfiguration;
			buildSettings = {
				ASSETCATALOG_COMPILER_APPICON_NAME = AppIcon;
				ASSETCATALOG_COMPILER_LAUNCHIMAGE_NAME = LaunchImage;
				GCC_PRECOMPILE_PREFIX_HEADER = YES;
				GCC_PREFIX_HEADER = "trial_five/trial_five-Prefix.pch";
				INFOPLIST_FILE = "trial_five/trial_five-Info.plist";
				PRODUCT_NAME = "$(TARGET_NAME)";
				WRAPPER_EXTENSION = app;
			};
			name = Release;
		};
		0E836CCC19532D7300605460 /* Debug */ = {
			isa = XCBuildConfiguration;
			buildSettings = {
				BUNDLE_LOADER = "$(BUILT_PRODUCTS_DIR)/trial_five.app/trial_five";
				FRAMEWORK_SEARCH_PATHS = (
					"$(SDKROOT)/Developer/Library/Frameworks",
					"$(inherited)",
					"$(DEVELOPER_FRAMEWORKS_DIR)",
				);
				GCC_PRECOMPILE_PREFIX_HEADER = YES;
				GCC_PREFIX_HEADER = "trial_five/trial_five-Prefix.pch";
				GCC_PREPROCESSOR_DEFINITIONS = (
					"DEBUG=1",
					"$(inherited)",
				);
				INFOPLIST_FILE = "trial_fiveTests/trial_fiveTests-Info.plist";
				PRODUCT_NAME = "$(TARGET_NAME)";
				TEST_HOST = "$(BUNDLE_LOADER)";
				WRAPPER_EXTENSION = xctest;
			};
			name = Debug;
		};
		0E836CCD19532D7300605460 /* Release */ = {
			isa = XCBuildConfiguration;
			buildSettings = {
				BUNDLE_LOADER = "$(BUILT_PRODUCTS_DIR)/trial_five.app/trial_five";
				FRAMEWORK_SEARCH_PATHS = (
					"$(SDKROOT)/Developer/Library/Frameworks",
					"$(inherited)",
					"$(DEVELOPER_FRAMEWORKS_DIR)",
				);
				GCC_PRECOMPILE_PREFIX_HEADER = YES;
				GCC_PREFIX_HEADER = "trial_five/trial_five-Prefix.pch";
				INFOPLIST_FILE = "trial_fiveTests/trial_fiveTests-Info.plist";
				PRODUCT_NAME = "$(TARGET_NAME)";
				TEST_HOST = "$(BUNDLE_LOADER)";
				WRAPPER_EXTENSION = xctest;
			};
			name = Release;
		};
/* End XCBuildConfiguration section */

/* Begin XCConfigurationList section */
		0E836C9119532D7200605460 /* Build configuration list for PBXProject "trial_five" */ = {
			isa = XCConfigurationList;
			buildConfigurations = (
				0E836CC619532D7300605460 /* Debug */,
				0E836CC719532D7300605460 /* Release */,
			);
			defaultConfigurationIsVisible = 0;
			defaultConfigurationName = Release;
		};
		0E836CC819532D7300605460 /* Build configuration list for PBXNativeTarget "trial_five" */ = {
			isa = XCConfigurationList;
			buildConfigurations = (
				0E836CC919532D7300605460 /* Debug */,
				0E836CCA19532D7300605460 /* Release */,
			);
			defaultConfigurationIsVisible = 0;
		};
		0E836CCB19532D7300605460 /* Build configuration list for PBXNativeTarget "trial_fiveTests" */ = {
			isa = XCConfigurationList;
			buildConfigurations = (
				0E836CCC19532D7300605460 /* Debug */,
				0E836CCD19532D7300605460 /* Release */,
			);
			defaultConfigurationIsVisible = 0;
		};
/* End XCConfigurationList section */
	};
	rootObject = 0E836C8E19532D7200605460 /* Project object */;
}
